
Microsoft Visual Studio Solution File, Format Version 12.00
# Visual Studio 15
VisualStudioVersion = 15.0.27428.2011
MinimumVisualStudioVersion = 10.0.40219.1
Project("{9A19103F-16F7-4668-BE54-9A1E7A4F7556}") = "EventManagement.Web", "src\Web\EventManagement.Web.csproj", "{1B4BAE51-CD34-4123-89FB-341E9AD0F925}"
EndProject
Project("{2150E333-8FDC-42A3-9474-1A3956D46DE8}") = "src", "src", "{C49E1971-917E-4F44-938B-902624CF8745}"
EndProject
Project("{2150E333-8FDC-42A3-9474-1A3956D46DE8}") = "Web", "Web", "{C5A684DA-4F18-401A-82DA-0176F3CB6E2F}"
EndProject
Project("{2150E333-8FDC-42A3-9474-1A3956D46DE8}") = "core", "core", "{D14E0DEA-7FCB-49E6-8724-EF030142FEA0}"
EndProject
Project("{FAE04EC0-301F-11D3-BF4B-00C04F79EFBC}") = "EventManagement.Core", "src\core\EventManagement.Core\EventManagement.Core.csproj", "{2DC4F419-AC6B-47FF-B845-8FEA7BC6FBF0}"
EndProject
Project("{2150E333-8FDC-42A3-9474-1A3956D46DE8}") = "services", "services", "{73CBA0C2-3570-427B-9F87-396D47E8115C}"
EndProject
Project("{FAE04EC0-301F-11D3-BF4B-00C04F79EFBC}") = "Identity.Api", "src\services\Identity.Api\Identity.Api.csproj", "{8FD81013-CA41-467D-946E-A8AC90BD3AF8}"
EndProject
Project("{FAE04EC0-301F-11D3-BF4B-00C04F79EFBC}") = "EventManagement.Api.Core", "src\core\EventManagement.Api.Core\EventManagement.Api.Core.csproj", "{59C739CF-9FC6-4A9B-89D8-E12579ECD61C}"
EndProject
Project("{FAE04EC0-301F-11D3-BF4B-00C04F79EFBC}") = "EventManagement.Installers.Tools", "src\core\EventManagement.Installers.Tools\EventManagement.Installers.Tools.csproj", "{582C4769-0890-44CC-A327-E9AFC81E3F47}"
EndProject
Project("{FAE04EC0-301F-11D3-BF4B-00C04F79EFBC}") = "EventManagement.Core.EF", "src\core\EventManagement.Core.EF\EventManagement.Core.EF.csproj", "{FBA15C61-27D9-48DC-8170-32C986AA23B0}"
EndProject
Global
	GlobalSection(SolutionConfigurationPlatforms) = preSolution
		Debug|Any CPU = Debug|Any CPU
		Release|Any CPU = Release|Any CPU
	EndGlobalSection
	GlobalSection(ProjectConfigurationPlatforms) = postSolution
		{1B4BAE51-CD34-4123-89FB-341E9AD0F925}.Debug|Any CPU.ActiveCfg = Debug|Any CPU
		{1B4BAE51-CD34-4123-89FB-341E9AD0F925}.Debug|Any CPU.Build.0 = Debug|Any CPU
		{1B4BAE51-CD34-4123-89FB-341E9AD0F925}.Release|Any CPU.ActiveCfg = Release|Any CPU
		{1B4BAE51-CD34-4123-89FB-341E9AD0F925}.Release|Any CPU.Build.0 = Release|Any CPU
		{2DC4F419-AC6B-47FF-B845-8FEA7BC6FBF0}.Debug|Any CPU.ActiveCfg = Debug|Any CPU
		{2DC4F419-AC6B-47FF-B845-8FEA7BC6FBF0}.Debug|Any CPU.Build.0 = Debug|Any CPU
		{2DC4F419-AC6B-47FF-B845-8FEA7BC6FBF0}.Release|Any CPU.ActiveCfg = Release|Any CPU
		{2DC4F419-AC6B-47FF-B845-8FEA7BC6FBF0}.Release|Any CPU.Build.0 = Release|Any CPU
		{8FD81013-CA41-467D-946E-A8AC90BD3AF8}.Debug|Any CPU.ActiveCfg = Debug|Any CPU
		{8FD81013-CA41-467D-946E-A8AC90BD3AF8}.Debug|Any CPU.Build.0 = Debug|Any CPU
		{8FD81013-CA41-467D-946E-A8AC90BD3AF8}.Release|Any CPU.ActiveCfg = Release|Any CPU
		{8FD81013-CA41-467D-946E-A8AC90BD3AF8}.Release|Any CPU.Build.0 = Release|Any CPU
		{59C739CF-9FC6-4A9B-89D8-E12579ECD61C}.Debug|Any CPU.ActiveCfg = Debug|Any CPU
		{59C739CF-9FC6-4A9B-89D8-E12579ECD61C}.Debug|Any CPU.Build.0 = Debug|Any CPU
		{59C739CF-9FC6-4A9B-89D8-E12579ECD61C}.Release|Any CPU.ActiveCfg = Release|Any CPU
		{59C739CF-9FC6-4A9B-89D8-E12579ECD61C}.Release|Any CPU.Build.0 = Release|Any CPU
		{582C4769-0890-44CC-A327-E9AFC81E3F47}.Debug|Any CPU.ActiveCfg = Debug|Any CPU
		{582C4769-0890-44CC-A327-E9AFC81E3F47}.Debug|Any CPU.Build.0 = Debug|Any CPU
		{582C4769-0890-44CC-A327-E9AFC81E3F47}.Release|Any CPU.ActiveCfg = Release|Any CPU
		{582C4769-0890-44CC-A327-E9AFC81E3F47}.Release|Any CPU.Build.0 = Release|Any CPU
		{FBA15C61-27D9-48DC-8170-32C986AA23B0}.Debug|Any CPU.ActiveCfg = Debug|Any CPU
		{FBA15C61-27D9-48DC-8170-32C986AA23B0}.Debug|Any CPU.Build.0 = Debug|Any CPU
		{FBA15C61-27D9-48DC-8170-32C986AA23B0}.Release|Any CPU.ActiveCfg = Release|Any CPU
		{FBA15C61-27D9-48DC-8170-32C986AA23B0}.Release|Any CPU.Build.0 = Release|Any CPU
	EndGlobalSection
	GlobalSection(SolutionProperties) = preSolution
		HideSolutionNode = FALSE
	EndGlobalSection
	GlobalSection(ExtensibilityGlobals) = postSolution
		SolutionGuid = {F0DFE5C6-1130-4A54-BF96-30332485E758}
	EndGlobalSection
	GlobalSection(NestedProjects) = preSolution
		{C5A684DA-4F18-401A-82DA-0176F3CB6E2F} = {C49E1971-917E-4F44-938B-902624CF8745}
		{1B4BAE51-CD34-4123-89FB-341E9AD0F925} = {C5A684DA-4F18-401A-82DA-0176F3CB6E2F}
		{D14E0DEA-7FCB-49E6-8724-EF030142FEA0} = {C49E1971-917E-4F44-938B-902624CF8745}
		{2DC4F419-AC6B-47FF-B845-8FEA7BC6FBF0} = {D14E0DEA-7FCB-49E6-8724-EF030142FEA0}
		{73CBA0C2-3570-427B-9F87-396D47E8115C} = {C49E1971-917E-4F44-938B-902624CF8745}
		{8FD81013-CA41-467D-946E-A8AC90BD3AF8} = {73CBA0C2-3570-427B-9F87-396D47E8115C}
		{59C739CF-9FC6-4A9B-89D8-E12579ECD61C} = {D14E0DEA-7FCB-49E6-8724-EF030142FEA0}
		{582C4769-0890-44CC-A327-E9AFC81E3F47} = {D14E0DEA-7FCB-49E6-8724-EF030142FEA0}
		{FBA15C61-27D9-48DC-8170-32C986AA23B0} = {D14E0DEA-7FCB-49E6-8724-EF030142FEA0}
	EndGlobalSection
EndGlobal
